
Microsoft Visual Studio Solution File, Format Version 12.00
# Visual Studio Version 16
VisualStudioVersion = 16.0.32428.217
MinimumVisualStudioVersion = 10.0.40219.1
Project("{9A19103F-16F7-4668-BE54-9A1E7A4F7556}") = "e-MiniMarket", "e-MiniMarket\e-MiniMarket.csproj", "{832A2CB5-8D22-486B-91CD-279A11B4B4A6}"
EndProject
Project("{2150E333-8FDC-42A3-9474-1A3956D46DE8}") = "Core", "Core", "{37E4C3AE-6811-497B-92F0-B8F52154A217}"
EndProject
Project("{2150E333-8FDC-42A3-9474-1A3956D46DE8}") = "Domain", "Domain", "{D205FADB-AFBD-429A-8F0A-E400C1D0E205}"
EndProject
Project("{2150E333-8FDC-42A3-9474-1A3956D46DE8}") = "Application", "Application", "{AB2D5BCF-9EE5-4200-A41F-8A31704CF0E6}"
EndProject
Project("{2150E333-8FDC-42A3-9474-1A3956D46DE8}") = "Infrastructure", "Infrastructure", "{0958753D-48C7-404E-832F-15DFF4D89C01}"
EndProject
Project("{2150E333-8FDC-42A3-9474-1A3956D46DE8}") = "Presentation", "Presentation", "{F6961C9A-5D44-48D2-BCD6-E2C03F54E3DE}"
EndProject
Project("{9A19103F-16F7-4668-BE54-9A1E7A4F7556}") = "Emarket.Core.Domain", "Emarket.Core.Domain\Emarket.Core.Domain.csproj", "{0B732115-9C7A-4A2D-913A-470C20F4F06C}"
EndProject
Project("{9A19103F-16F7-4668-BE54-9A1E7A4F7556}") = "Emarket.Core.Application", "Emarket.Core.Application\Emarket.Core.Application.csproj", "{960970B5-2F3F-47C9-B6A5-292A42350C43}"
EndProject
Project("{9A19103F-16F7-4668-BE54-9A1E7A4F7556}") = "Emarket.Infrastructure.Persistency", "Emarket.Infrastructure.Persistency\Emarket.Infrastructure.Persistency.csproj", "{BDB0C14D-38A0-4E10-90A2-9431C81903C6}"
EndProject
Global
	GlobalSection(SolutionConfigurationPlatforms) = preSolution
		Debug|Any CPU = Debug|Any CPU
		Release|Any CPU = Release|Any CPU
	EndGlobalSection
	GlobalSection(ProjectConfigurationPlatforms) = postSolution
		{832A2CB5-8D22-486B-91CD-279A11B4B4A6}.Debug|Any CPU.ActiveCfg = Debug|Any CPU
		{832A2CB5-8D22-486B-91CD-279A11B4B4A6}.Debug|Any CPU.Build.0 = Debug|Any CPU
		{832A2CB5-8D22-486B-91CD-279A11B4B4A6}.Release|Any CPU.ActiveCfg = Release|Any CPU
		{832A2CB5-8D22-486B-91CD-279A11B4B4A6}.Release|Any CPU.Build.0 = Release|Any CPU
		{0B732115-9C7A-4A2D-913A-470C20F4F06C}.Debug|Any CPU.ActiveCfg = Debug|Any CPU
		{0B732115-9C7A-4A2D-913A-470C20F4F06C}.Debug|Any CPU.Build.0 = Debug|Any CPU
		{0B732115-9C7A-4A2D-913A-470C20F4F06C}.Release|Any CPU.ActiveCfg = Release|Any CPU
		{0B732115-9C7A-4A2D-913A-470C20F4F06C}.Release|Any CPU.Build.0 = Release|Any CPU
		{960970B5-2F3F-47C9-B6A5-292A42350C43}.Debug|Any CPU.ActiveCfg = Debug|Any CPU
		{960970B5-2F3F-47C9-B6A5-292A42350C43}.Debug|Any CPU.Build.0 = Debug|Any CPU
		{960970B5-2F3F-47C9-B6A5-292A42350C43}.Release|Any CPU.ActiveCfg = Release|Any CPU
		{960970B5-2F3F-47C9-B6A5-292A42350C43}.Release|Any CPU.Build.0 = Release|Any CPU
		{BDB0C14D-38A0-4E10-90A2-9431C81903C6}.Debug|Any CPU.ActiveCfg = Debug|Any CPU
		{BDB0C14D-38A0-4E10-90A2-9431C81903C6}.Debug|Any CPU.Build.0 = Debug|Any CPU
		{BDB0C14D-38A0-4E10-90A2-9431C81903C6}.Release|Any CPU.ActiveCfg = Release|Any CPU
		{BDB0C14D-38A0-4E10-90A2-9431C81903C6}.Release|Any CPU.Build.0 = Release|Any CPU
	EndGlobalSection
	GlobalSection(SolutionProperties) = preSolution
		HideSolutionNode = FALSE
	EndGlobalSection
	GlobalSection(NestedProjects) = preSolution
		{832A2CB5-8D22-486B-91CD-279A11B4B4A6} = {F6961C9A-5D44-48D2-BCD6-E2C03F54E3DE}
		{D205FADB-AFBD-429A-8F0A-E400C1D0E205} = {37E4C3AE-6811-497B-92F0-B8F52154A217}
		{AB2D5BCF-9EE5-4200-A41F-8A31704CF0E6} = {37E4C3AE-6811-497B-92F0-B8F52154A217}
		{0B732115-9C7A-4A2D-913A-470C20F4F06C} = {D205FADB-AFBD-429A-8F0A-E400C1D0E205}
		{960970B5-2F3F-47C9-B6A5-292A42350C43} = {AB2D5BCF-9EE5-4200-A41F-8A31704CF0E6}
		{BDB0C14D-38A0-4E10-90A2-9431C81903C6} = {0958753D-48C7-404E-832F-15DFF4D89C01}
	EndGlobalSection
	GlobalSection(ExtensibilityGlobals) = postSolution
		SolutionGuid = {9F40D4D2-42FB-49C2-9E12-9C18CB1190ED}
	EndGlobalSection
EndGlobal
